// !$*UTF8*$!
{
	archiveVersion = 1;
	classes = {
	};
	objectVersion = 46;
	objects = {

/* Begin PBXBuildFile section */
		9B7FF9901AA88B7500B3150B /* AppDelegate.swift in Sources */ = {isa = PBXBuildFile; fileRef = 9B7FF98F1AA88B7500B3150B /* AppDelegate.swift */; };
		9B7FF9921AA88B7500B3150B /* ViewController.swift in Sources */ = {isa = PBXBuildFile; fileRef = 9B7FF9911AA88B7500B3150B /* ViewController.swift */; };
		9B7FF9951AA88B7500B3150B /* Main.storyboard in Resources */ = {isa = PBXBuildFile; fileRef = 9B7FF9931AA88B7500B3150B /* Main.storyboard */; };
		9B7FF9971AA88B7500B3150B /* Images.xcassets in Resources */ = {isa = PBXBuildFile; fileRef = 9B7FF9961AA88B7500B3150B /* Images.xcassets */; };
		9B7FF99A1AA88B7500B3150B /* LaunchScreen.xib in Resources */ = {isa = PBXBuildFile; fileRef = 9B7FF9981AA88B7500B3150B /* LaunchScreen.xib */; };
		9B7FF9A61AA88B7500B3150B /* ExampleAppTests.swift in Sources */ = {isa = PBXBuildFile; fileRef = 9B7FF9A51AA88B7500B3150B /* ExampleAppTests.swift */; };
/* End PBXBuildFile section */

/* Begin PBXContainerItemProxy section */
		9B7FF9A01AA88B7500B3150B /* PBXContainerItemProxy */ = {
			isa = PBXContainerItemProxy;
			containerPortal = 9B7FF9821AA88B7500B3150B /* Project object */;
			proxyType = 1;
			remoteGlobalIDString = 9B7FF9891AA88B7500B3150B;
			remoteInfo = ExampleApp;
		};
/* End PBXContainerItemProxy section */

/* Begin PBXFileReference section */
		9B7FF98A1AA88B7500B3150B /* ExampleApp.app */ = {isa = PBXFileReference; explicitFileType = wrapper.application; includeInIndex = 0; path = ExampleApp.app; sourceTree = BUILT_PRODUCTS_DIR; };
		9B7FF98E1AA88B7500B3150B /* Info.plist */ = {isa = PBXFileReference; lastKnownFileType = text.plist.xml; path = Info.plist; sourceTree = "<group>"; };
		9B7FF98F1AA88B7500B3150B /* AppDelegate.swift */ = {isa = PBXFileReference; lastKnownFileType = sourcecode.swift; path = AppDelegate.swift; sourceTree = "<group>"; };
		9B7FF9911AA88B7500B3150B /* ViewController.swift */ = {isa = PBXFileReference; lastKnownFileType = sourcecode.swift; path = ViewController.swift; sourceTree = "<group>"; };
		9B7FF9941AA88B7500B3150B /* Base */ = {isa = PBXFileReference; lastKnownFileType = file.storyboard; name = Base; path = Base.lproj/Main.storyboard; sourceTree = "<group>"; };
		9B7FF9961AA88B7500B3150B /* Images.xcassets */ = {isa = PBXFileReference; lastKnownFileType = folder.assetcatalog; path = Images.xcassets; sourceTree = "<group>"; };
		9B7FF9991AA88B7500B3150B /* Base */ = {isa = PBXFileReference; lastKnownFileType = file.xib; name = Base; path = Base.lproj/LaunchScreen.xib; sourceTree = "<group>"; };
		9B7FF99F1AA88B7500B3150B /* ExampleAppTests.xctest */ = {isa = PBXFileReference; explicitFileType = wrapper.cfbundle; includeInIndex = 0; path = ExampleAppTests.xctest; sourceTree = BUILT_PRODUCTS_DIR; };
		9B7FF9A41AA88B7500B3150B /* Info.plist */ = {isa = PBXFileReference; lastKnownFileType = text.plist.xml; path = Info.plist; sourceTree = "<group>"; };
		9B7FF9A51AA88B7500B3150B /* ExampleAppTests.swift */ = {isa = PBXFileReference; lastKnownFileType = sourcecode.swift; path = ExampleAppTests.swift; sourceTree = "<group>"; };
/* End PBXFileReference section */

/* Begin PBXFrameworksBuildPhase section */
		9B7FF9871AA88B7500B3150B /* Frameworks */ = {
			isa = PBXFrameworksBuildPhase;
			buildActionMask = 2147483647;
			files = (
			);
			runOnlyForDeploymentPostprocessing = 0;
		};
		9B7FF99C1AA88B7500B3150B /* Frameworks */ = {
			isa = PBXFrameworksBuildPhase;
			buildActionMask = 2147483647;
			files = (
			);
			runOnlyForDeploymentPostprocessing = 0;
		};
/* End PBXFrameworksBuildPhase section */

/* Begin PBXGroup section */
		9B7FF9811AA88B7500B3150B = {
			isa = PBXGroup;
			children = (
				9B7FF98C1AA88B7500B3150B /* ExampleApp */,
				9B7FF9A21AA88B7500B3150B /* ExampleAppTests */,
				9B7FF98B1AA88B7500B3150B /* Products */,
			);
			sourceTree = "<group>";
		};
		9B7FF98B1AA88B7500B3150B /* Products */ = {
			isa = PBXGroup;
			children = (
				9B7FF98A1AA88B7500B3150B /* ExampleApp.app */,
				9B7FF99F1AA88B7500B3150B /* ExampleAppTests.xctest */,
			);
			name = Products;
			sourceTree = "<group>";
		};
		9B7FF98C1AA88B7500B3150B /* ExampleApp */ = {
			isa = PBXGroup;
			children = (
				9B7FF98F1AA88B7500B3150B /* AppDelegate.swift */,
				9B7FF9911AA88B7500B3150B /* ViewController.swift */,
				9B7FF9931AA88B7500B3150B /* Main.storyboard */,
				9B7FF9961AA88B7500B3150B /* Images.xcassets */,
				9B7FF9981AA88B7500B3150B /* LaunchScreen.xib */,
				9B7FF98D1AA88B7500B3150B /* Supporting Files */,
			);
			path = ExampleApp;
			sourceTree = "<group>";
		};
		9B7FF98D1AA88B7500B3150B /* Supporting Files */ = {
			isa = PBXGroup;
			children = (
				9B7FF98E1AA88B7500B3150B /* Info.plist */,
			);
			name = "Supporting Files";
			sourceTree = "<group>";
		};
		9B7FF9A21AA88B7500B3150B /* ExampleAppTests */ = {
			isa = PBXGroup;
			children = (
				9B7FF9A51AA88B7500B3150B /* ExampleAppTests.swift */,
				9B7FF9A31AA88B7500B3150B /* Supporting Files */,
			);
			path = ExampleAppTests;
			sourceTree = "<group>";
		};
		9B7FF9A31AA88B7500B3150B /* Supporting Files */ = {
			isa = PBXGroup;
			children = (
				9B7FF9A41AA88B7500B3150B /* Info.plist */,
			);
			name = "Supporting Files";
			sourceTree = "<group>";
		};
/* End PBXGroup section */

/* Begin PBXNativeTarget section */
		9B7FF9891AA88B7500B3150B /* ExampleApp */ = {
			isa = PBXNativeTarget;
			buildConfigurationList = 9B7FF9A91AA88B7500B3150B /* Build configuration list for PBXNativeTarget "ExampleApp" */;
			buildPhases = (
				9B7FF9861AA88B7500B3150B /* Sources */,
				9B7FF9871AA88B7500B3150B /* Frameworks */,
				9B7FF9881AA88B7500B3150B /* Resources */,
			);
			buildRules = (
			);
			dependencies = (
			);
			name = ExampleApp;
			productName = ExampleApp;
			productReference = 9B7FF98A1AA88B7500B3150B /* ExampleApp.app */;
			productType = "com.apple.product-type.application";
		};
		9B7FF99E1AA88B7500B3150B /* ExampleAppTests */ = {
			isa = PBXNativeTarget;
			buildConfigurationList = 9B7FF9AC1AA88B7500B3150B /* Build configuration list for PBXNativeTarget "ExampleAppTests" */;
			buildPhases = (
				9B7FF99B1AA88B7500B3150B /* Sources */,
				9B7FF99C1AA88B7500B3150B /* Frameworks */,
				9B7FF99D1AA88B7500B3150B /* Resources */,
			);
			buildRules = (
			);
			dependencies = (
				9B7FF9A11AA88B7500B3150B /* PBXTargetDependency */,
			);
			name = ExampleAppTests;
			productName = ExampleAppTests;
			productReference = 9B7FF99F1AA88B7500B3150B /* ExampleAppTests.xctest */;
			productType = "com.apple.product-type.bundle.unit-test";
		};
/* End PBXNativeTarget section */

/* Begin PBXProject section */
		9B7FF9821AA88B7500B3150B /* Project object */ = {
			isa = PBXProject;
			attributes = {
				LastUpgradeCheck = 0610;
				ORGANIZATIONNAME = "Roundwall Software";
				TargetAttributes = {
					9B7FF9891AA88B7500B3150B = {
						CreatedOnToolsVersion = 6.1.1;
					};
					9B7FF99E1AA88B7500B3150B = {
						CreatedOnToolsVersion = 6.1.1;
						TestTargetID = 9B7FF9891AA88B7500B3150B;
					};
				};
			};
			buildConfigurationList = 9B7FF9851AA88B7500B3150B /* Build configuration list for PBXProject "ExampleApp" */;
			compatibilityVersion = "Xcode 3.2";
			developmentRegion = English;
			hasScannedForEncodings = 0;
			knownRegions = (
				en,
				Base,
			);
			mainGroup = 9B7FF9811AA88B7500B3150B;
			productRefGroup = 9B7FF98B1AA88B7500B3150B /* Products */;
			projectDirPath = "";
			projectRoot = "";
			targets = (
				9B7FF9891AA88B7500B3150B /* ExampleApp */,
				9B7FF99E1AA88B7500B3150B /* ExampleAppTests */,
			);
		};
/* End PBXProject section */

/* Begin PBXResourcesBuildPhase section */
		9B7FF9881AA88B7500B3150B /* Resources */ = {
			isa = PBXResourcesBuildPhase;
			buildActionMask = 2147483647;
			files = (
				9B7FF9951AA88B7500B3150B /* Main.storyboard in Resources */,
				9B7FF99A1AA88B7500B3150B /* LaunchScreen.xib in Resources */,
				9B7FF9971AA88B7500B3150B /* Images.xcassets in Resources */,
			);
			runOnlyForDeploymentPostprocessing = 0;
		};
		9B7FF99D1AA88B7500B3150B /* Resources */ = {
			isa = PBXResourcesBuildPhase;
			buildActionMask = 2147483647;
			files = (
			);
			runOnlyForDeploymentPostprocessing = 0;
		};
/* End PBXResourcesBuildPhase section */

/* Begin PBXSourcesBuildPhase section */
		9B7FF9861AA88B7500B3150B /* Sources */ = {
			isa = PBXSourcesBuildPhase;
			buildActionMask = 2147483647;
			files = (
				9B7FF9921AA88B7500B3150B /* ViewController.swift in Sources */,
				9B7FF9901AA88B7500B3150B /* AppDelegate.swift in Sources */,
			);
			runOnlyForDeploymentPostprocessing = 0;
		};
		9B7FF99B1AA88B7500B3150B /* Sources */ = {
			isa = PBXSourcesBuildPhase;
			buildActionMask = 2147483647;
			files = (
				9B7FF9A61AA88B7500B3150B /* ExampleAppTests.swift in Sources */,
			);
			runOnlyForDeploymentPostprocessing = 0;
		};
/* End PBXSourcesBuildPhase section */

/* Begin PBXTargetDependency section */
		9B7FF9A11AA88B7500B3150B /* PBXTargetDependency */ = {
			isa = PBXTargetDependency;
			target = 9B7FF9891AA88B7500B3150B /* ExampleApp */;
			targetProxy = 9B7FF9A01AA88B7500B3150B /* PBXContainerItemProxy */;
		};
/* End PBXTargetDependency section */

/* Begin PBXVariantGroup section */
		9B7FF9931AA88B7500B3150B /* Main.storyboard */ = {
			isa = PBXVariantGroup;
			children = (
				9B7FF9941AA88B7500B3150B /* Base */,
			);
			name = Main.storyboard;
			sourceTree = "<group>";
		};
		9B7FF9981AA88B7500B3150B /* LaunchScreen.xib */ = {
			isa = PBXVariantGroup;
			children = (
				9B7FF9991AA88B7500B3150B /* Base */,
			);
			name = LaunchScreen.xib;
			sourceTree = "<group>";
		};
/* End PBXVariantGroup section */

/* Begin XCBuildConfiguration section */
		9B7FF9A71AA88B7500B3150B /* Debug */ = {
			isa = XCBuildConfiguration;
			buildSettings = {
				ALWAYS_SEARCH_USER_PATHS = NO;
				CLANG_CXX_LANGUAGE_STANDARD = "gnu++0x";
				CLANG_CXX_LIBRARY = "libc++";
				CLANG_ENABLE_MODULES = YES;
				CLANG_ENABLE_OBJC_ARC = YES;
				CLANG_WARN_BOOL_CONVERSION = YES;
				CLANG_WARN_CONSTANT_CONVERSION = YES;
				CLANG_WARN_DIRECT_OBJC_ISA_USAGE = YES_ERROR;
				CLANG_WARN_EMPTY_BODY = YES;
				CLANG_WARN_ENUM_CONVERSION = YES;
				CLANG_WARN_INT_CONVERSION = YES;
				CLANG_WARN_OBJC_ROOT_CLASS = YES_ERROR;
				CLANG_WARN_UNREACHABLE_CODE = YES;
				CLANG_WARN__DUPLICATE_METHOD_MATCH = YES;
				"CODE_SIGN_IDENTITY[sdk=iphoneos*]" = "iPhone Developer";
				COPY_PHASE_STRIP = NO;
				ENABLE_STRICT_OBJC_MSGSEND = YES;
				GCC_C_LANGUAGE_STANDARD = gnu99;
				GCC_DYNAMIC_NO_PIC = NO;
				GCC_OPTIMIZATION_LEVEL = 0;
				GCC_PREPROCESSOR_DEFINITIONS = (
					"DEBUG=1",
					"$(inherited)",
				);
				GCC_SYMBOLS_PRIVATE_EXTERN = NO;
				GCC_WARN_64_TO_32_BIT_CONVERSION = YES;
				GCC_WARN_ABOUT_RETURN_TYPE = YES_ERROR;
				GCC_WARN_UNDECLARED_SELECTOR = YES;
				GCC_WARN_UNINITIALIZED_AUTOS = YES_AGGRESSIVE;
				GCC_WARN_UNUSED_FUNCTION = YES;
				GCC_WARN_UNUSED_VARIABLE = YES;
				IPHONEOS_DEPLOYMENT_TARGET = 8.1;
				MTL_ENABLE_DEBUG_INFO = YES;
				ONLY_ACTIVE_ARCH = YES;
				SDKROOT = iphoneos;
				SWIFT_OPTIMIZATION_LEVEL = "-Onone";
			};
			name = Debug;
		};
		9B7FF9A81AA88B7500B3150B /* Release */ = {
			isa = XCBuildConfiguration;
			buildSettings = {
				ALWAYS_SEARCH_USER_PATHS = NO;
				CLANG_CXX_LANGUAGE_STANDARD = "gnu++0x";
				CLANG_CXX_LIBRARY = "libc++";
				CLANG_ENABLE_MODULES = YES;
				CLANG_ENABLE_OBJC_ARC = YES;
				CLANG_WARN_BOOL_CONVERSION = YES;
				CLANG_WARN_CONSTANT_CONVERSION = YES;
				CLANG_WARN_DIRECT_OBJC_ISA_USAGE = YES_ERROR;
				CLANG_WARN_EMPTY_BODY = YES;
				CLANG_WARN_ENUM_CONVERSION = YES;
				CLANG_WARN_INT_CONVERSION = YES;
				CLANG_WARN_OBJC_ROOT_CLASS = YES_ERROR;
				CLANG_WARN_UNREACHABLE_CODE = YES;
				CLANG_WARN__DUPLICATE_METHOD_MATCH = YES;
				"CODE_SIGN_IDENTITY[sdk=iphoneos*]" = "iPhone Developer";
				COPY_PHASE_STRIP = YES;
				ENABLE_NS_ASSERTIONS = NO;
				ENABLE_STRICT_OBJC_MSGSEND = YES;
				GCC_C_LANGUAGE_STANDARD = gnu99;
				GCC_WARN_64_TO_32_BIT_CONVERSION = YES;
				GCC_WARN_ABOUT_RETURN_TYPE = YES_ERROR;
				GCC_WARN_UNDECLARED_SELECTOR = YES;
				GCC_WARN_UNINITIALIZED_AUTOS = YES_AGGRESSIVE;
				GCC_WARN_UNUSED_FUNCTION = YES;
				GCC_WARN_UNUSED_VARIABLE = YES;
				IPHONEOS_DEPLOYMENT_TARGET = 8.1;
				MTL_ENABLE_DEBUG_INFO = NO;
				SDKROOT = iphoneos;
				VALIDATE_PRODUCT = YES;
			};
			name = Release;
		};
		9B7FF9AA1AA88B7500B3150B /* Debug */ = {
			isa = XCBuildConfiguration;
			buildSettings = {
				ASSETCATALOG_COMPILER_APPICON_NAME = AppIcon;
				INFOPLIST_FILE = ExampleApp/Info.plist;
				LD_RUNPATH_SEARCH_PATHS = "$(inherited) @executable_path/Frameworks";
				PRODUCT_NAME = "$(TARGET_NAME)";
			};
			name = Debug;
		};
		9B7FF9AB1AA88B7500B3150B /* Release */ = {
			isa = XCBuildConfiguration;
			buildSettings = {
				ASSETCATALOG_COMPILER_APPICON_NAME = AppIcon;
				INFOPLIST_FILE = ExampleApp/Info.plist;
				LD_RUNPATH_SEARCH_PATHS = "$(inherited) @executable_path/Frameworks";
				PRODUCT_NAME = "$(TARGET_NAME)";
			};
			name = Release;
		};
		9B7FF9AD1AA88B7500B3150B /* Debug */ = {
			isa = XCBuildConfiguration;
			buildSettings = {
				BUNDLE_LOADER = "$(TEST_HOST)";
				FRAMEWORK_SEARCH_PATHS = (
					"$(SDKROOT)/Developer/Library/Frameworks",
					"$(inherited)",
				);
				GCC_PREPROCESSOR_DEFINITIONS = (
					"DEBUG=1",
					"$(inherited)",
				);
				INFOPLIST_FILE = ExampleAppTests/Info.plist;
				LD_RUNPATH_SEARCH_PATHS = "$(inherited) @executable_path/Frameworks @loader_path/Frameworks";
				PRODUCT_NAME = "$(TARGET_NAME)";
				TEST_HOST = "$(BUILT_PRODUCTS_DIR)/ExampleApp.app/ExampleApp";
			};
			name = Debug;
		};
		9B7FF9AE1AA88B7500B3150B /* Release */ = {
			isa = XCBuildConfiguration;
			buildSettings = {
				BUNDLE_LOADER = "$(TEST_HOST)";
				FRAMEWORK_SEARCH_PATHS = (
					"$(SDKROOT)/Developer/Library/Frameworks",
					"$(inherited)",
				);
				INFOPLIST_FILE = ExampleAppTests/Info.plist;
				LD_RUNPATH_SEARCH_PATHS = "$(inherited) @executable_path/Frameworks @loader_path/Frameworks";
				PRODUCT_NAME = "$(TARGET_NAME)";
				TEST_HOST = "$(BUILT_PRODUCTS_DIR)/ExampleApp.app/ExampleApp";
			};
			name = Release;
		};
/* End XCBuildConfiguration section */

/* Begin XCConfigurationList section */
		9B7FF9851AA88B7500B3150B /* Build configuration list for PBXProject "ExampleApp" */ = {
			isa = XCConfigurationList;
			buildConfigurations = (
				9B7FF9A71AA88B7500B3150B /* Debug */,
				9B7FF9A81AA88B7500B3150B /* Release */,
			);
			defaultConfigurationIsVisible = 0;
			defaultConfigurationName = Release;
		};
		9B7FF9A91AA88B7500B3150B /* Build configuration list for PBXNativeTarget "ExampleApp" */ = {
			isa = XCConfigurationList;
			buildConfigurations = (
				9B7FF9AA1AA88B7500B3150B /* Debug */,
				9B7FF9AB1AA88B7500B3150B /* Release */,
			);
			defaultConfigurationIsVisible = 0;
		};
		9B7FF9AC1AA88B7500B3150B /* Build configuration list for PBXNativeTarget "ExampleAppTests" */ = {
			isa = XCConfigurationList;
			buildConfigurations = (
				9B7FF9AD1AA88B7500B3150B /* Debug */,
				9B7FF9AE1AA88B7500B3150B /* Release */,
			);
			defaultConfigurationIsVisible = 0;
		};
/* End XCConfigurationList section */
	};
	rootObject = 9B7FF9821AA88B7500B3150B /* Project object */;
}
